
Microsoft Visual Studio Solution File, Format Version 11.00
# Visual Studio 2010
Project("{FAE04EC0-301F-11D3-BF4B-00C04F79EFBC}") = "CaveRunner", "Assembly-CSharp-firstpass.csproj", "{D8EB5464-E0A9-3B56-B4FC-481004CEE95D}"
EndProject
Project("{FAE04EC0-301F-11D3-BF4B-00C04F79EFBC}") = "CaveRunner", "Assembly-CSharp.csproj", "{2209B7A0-1B1E-0ADC-A1C1-4C3B13A1AD1E}"
EndProject
Project("{FAE04EC0-301F-11D3-BF4B-00C04F79EFBC}") = "CaveRunner", "Assembly-CSharp-Editor.csproj", "{D104C69D-E5CA-3464-FA76-5CE7782C7213}"
EndProject
Global
	GlobalSection(SolutionConfigurationPlatforms) = preSolution
		Debug|Any CPU = Debug|Any CPU
		Release|Any CPU = Release|Any CPU
	EndGlobalSection
	GlobalSection(ProjectConfigurationPlatforms) = postSolution
		{D8EB5464-E0A9-3B56-B4FC-481004CEE95D}.Debug|Any CPU.ActiveCfg = Debug|Any CPU
		{D8EB5464-E0A9-3B56-B4FC-481004CEE95D}.Debug|Any CPU.Build.0 = Debug|Any CPU
		{D8EB5464-E0A9-3B56-B4FC-481004CEE95D}.Release|Any CPU.ActiveCfg = Release|Any CPU
		{D8EB5464-E0A9-3B56-B4FC-481004CEE95D}.Release|Any CPU.Build.0 = Release|Any CPU
		{2209B7A0-1B1E-0ADC-A1C1-4C3B13A1AD1E}.Debug|Any CPU.ActiveCfg = Debug|Any CPU
		{2209B7A0-1B1E-0ADC-A1C1-4C3B13A1AD1E}.Debug|Any CPU.Build.0 = Debug|Any CPU
		{2209B7A0-1B1E-0ADC-A1C1-4C3B13A1AD1E}.Release|Any CPU.ActiveCfg = Release|Any CPU
		{2209B7A0-1B1E-0ADC-A1C1-4C3B13A1AD1E}.Release|Any CPU.Build.0 = Release|Any CPU
		{D104C69D-E5CA-3464-FA76-5CE7782C7213}.Debug|Any CPU.ActiveCfg = Debug|Any CPU
		{D104C69D-E5CA-3464-FA76-5CE7782C7213}.Debug|Any CPU.Build.0 = Debug|Any CPU
		{D104C69D-E5CA-3464-FA76-5CE7782C7213}.Release|Any CPU.ActiveCfg = Release|Any CPU
		{D104C69D-E5CA-3464-FA76-5CE7782C7213}.Release|Any CPU.Build.0 = Release|Any CPU
	EndGlobalSection
	GlobalSection(SolutionProperties) = preSolution
		HideSolutionNode = FALSE
	EndGlobalSection
	GlobalSection(MonoDevelopProperties) = preSolution
		StartupItem = Assembly-CSharp.csproj
	EndGlobalSection
EndGlobal
